
Microsoft Visual Studio Solution File, Format Version 12.00
# Visual Studio Version 16
VisualStudioVersion = 16.0.29509.3
MinimumVisualStudioVersion = 10.0.40219.1
Project("{FAE04EC0-301F-11D3-BF4B-00C04F79EFBC}") = "IGL", "IGL\IGL.csproj", "{8B698E27-A2F8-4EED-831C-88EBBE00D7D8}"
EndProject
Project("{2150E333-8FDC-42A3-9474-1A3956D46DE8}") = "Modules", "Modules", "{6C94D406-7330-4A19-84F3-739451F6260E}"
EndProject
Project("{FAE04EC0-301F-11D3-BF4B-00C04F79EFBC}") = "Menu", "Menu\Menu.csproj", "{6AFEA7AE-6CB5-4A2D-B47B-19AA522E4365}"
EndProject
Project("{FAE04EC0-301F-11D3-BF4B-00C04F79EFBC}") = "Top", "Top\Top.csproj", "{C3569E05-37F8-47DA-BFDD-6490F915325C}"
EndProject
Project("{FAE04EC0-301F-11D3-BF4B-00C04F79EFBC}") = "Bottom", "Bottom\Bottom.csproj", "{C5194641-7938-428D-88B1-6D50D0CEBF5F}"
EndProject
Project("{FAE04EC0-301F-11D3-BF4B-00C04F79EFBC}") = "InfoBar", "InfoBar\InfoBar.csproj", "{F963DC13-B2BC-489C-A1DA-09A642A1FF23}"
EndProject
Project("{FAE04EC0-301F-11D3-BF4B-00C04F79EFBC}") = "Center", "Center\Center.csproj", "{8FF3BAF6-8F12-45E7-B448-107B3987ACC9}"
EndProject
Project("{FAE04EC0-301F-11D3-BF4B-00C04F79EFBC}") = "RightMenu", "RightMenu\RightMenu.csproj", "{A238C0DC-E049-44A3-95EB-92583B54F6AA}"
EndProject
Project("{FAE04EC0-301F-11D3-BF4B-00C04F79EFBC}") = "CompositeCommands", "CompositeCommands\CompositeCommands.csproj", "{5F951B4E-D0B7-431C-B92B-ABEDBA3215D2}"
EndProject
Project("{FAE04EC0-301F-11D3-BF4B-00C04F79EFBC}") = "FacePanel", "FacePanel\FacePanel.csproj", "{DDF0B0BF-245C-45AC-BA66-9D52E95B2CF8}"
EndProject
Project("{FAE04EC0-301F-11D3-BF4B-00C04F79EFBC}") = "Infrastructure", "Infrastructure\Infrastructure.csproj", "{522EFBA9-E4ED-46FB-8105-42C62FB843F2}"
EndProject
Global
	GlobalSection(SolutionConfigurationPlatforms) = preSolution
		Debug|Any CPU = Debug|Any CPU
		Release|Any CPU = Release|Any CPU
	EndGlobalSection
	GlobalSection(ProjectConfigurationPlatforms) = postSolution
		{8B698E27-A2F8-4EED-831C-88EBBE00D7D8}.Debug|Any CPU.ActiveCfg = Debug|Any CPU
		{8B698E27-A2F8-4EED-831C-88EBBE00D7D8}.Debug|Any CPU.Build.0 = Debug|Any CPU
		{8B698E27-A2F8-4EED-831C-88EBBE00D7D8}.Release|Any CPU.ActiveCfg = Release|Any CPU
		{8B698E27-A2F8-4EED-831C-88EBBE00D7D8}.Release|Any CPU.Build.0 = Release|Any CPU
		{6AFEA7AE-6CB5-4A2D-B47B-19AA522E4365}.Debug|Any CPU.ActiveCfg = Debug|Any CPU
		{6AFEA7AE-6CB5-4A2D-B47B-19AA522E4365}.Debug|Any CPU.Build.0 = Debug|Any CPU
		{6AFEA7AE-6CB5-4A2D-B47B-19AA522E4365}.Release|Any CPU.ActiveCfg = Release|Any CPU
		{6AFEA7AE-6CB5-4A2D-B47B-19AA522E4365}.Release|Any CPU.Build.0 = Release|Any CPU
		{C3569E05-37F8-47DA-BFDD-6490F915325C}.Debug|Any CPU.ActiveCfg = Debug|Any CPU
		{C3569E05-37F8-47DA-BFDD-6490F915325C}.Debug|Any CPU.Build.0 = Debug|Any CPU
		{C3569E05-37F8-47DA-BFDD-6490F915325C}.Release|Any CPU.ActiveCfg = Release|Any CPU
		{C3569E05-37F8-47DA-BFDD-6490F915325C}.Release|Any CPU.Build.0 = Release|Any CPU
		{C5194641-7938-428D-88B1-6D50D0CEBF5F}.Debug|Any CPU.ActiveCfg = Debug|Any CPU
		{C5194641-7938-428D-88B1-6D50D0CEBF5F}.Debug|Any CPU.Build.0 = Debug|Any CPU
		{C5194641-7938-428D-88B1-6D50D0CEBF5F}.Release|Any CPU.ActiveCfg = Release|Any CPU
		{C5194641-7938-428D-88B1-6D50D0CEBF5F}.Release|Any CPU.Build.0 = Release|Any CPU
		{F963DC13-B2BC-489C-A1DA-09A642A1FF23}.Debug|Any CPU.ActiveCfg = Debug|Any CPU
		{F963DC13-B2BC-489C-A1DA-09A642A1FF23}.Debug|Any CPU.Build.0 = Debug|Any CPU
		{F963DC13-B2BC-489C-A1DA-09A642A1FF23}.Release|Any CPU.ActiveCfg = Release|Any CPU
		{F963DC13-B2BC-489C-A1DA-09A642A1FF23}.Release|Any CPU.Build.0 = Release|Any CPU
		{8FF3BAF6-8F12-45E7-B448-107B3987ACC9}.Debug|Any CPU.ActiveCfg = Debug|Any CPU
		{8FF3BAF6-8F12-45E7-B448-107B3987ACC9}.Debug|Any CPU.Build.0 = Debug|Any CPU
		{8FF3BAF6-8F12-45E7-B448-107B3987ACC9}.Release|Any CPU.ActiveCfg = Release|Any CPU
		{8FF3BAF6-8F12-45E7-B448-107B3987ACC9}.Release|Any CPU.Build.0 = Release|Any CPU
		{A238C0DC-E049-44A3-95EB-92583B54F6AA}.Debug|Any CPU.ActiveCfg = Debug|Any CPU
		{A238C0DC-E049-44A3-95EB-92583B54F6AA}.Debug|Any CPU.Build.0 = Debug|Any CPU
		{A238C0DC-E049-44A3-95EB-92583B54F6AA}.Release|Any CPU.ActiveCfg = Release|Any CPU
		{A238C0DC-E049-44A3-95EB-92583B54F6AA}.Release|Any CPU.Build.0 = Release|Any CPU
		{5F951B4E-D0B7-431C-B92B-ABEDBA3215D2}.Debug|Any CPU.ActiveCfg = Debug|Any CPU
		{5F951B4E-D0B7-431C-B92B-ABEDBA3215D2}.Debug|Any CPU.Build.0 = Debug|Any CPU
		{5F951B4E-D0B7-431C-B92B-ABEDBA3215D2}.Release|Any CPU.ActiveCfg = Release|Any CPU
		{5F951B4E-D0B7-431C-B92B-ABEDBA3215D2}.Release|Any CPU.Build.0 = Release|Any CPU
		{DDF0B0BF-245C-45AC-BA66-9D52E95B2CF8}.Debug|Any CPU.ActiveCfg = Debug|Any CPU
		{DDF0B0BF-245C-45AC-BA66-9D52E95B2CF8}.Debug|Any CPU.Build.0 = Debug|Any CPU
		{DDF0B0BF-245C-45AC-BA66-9D52E95B2CF8}.Release|Any CPU.ActiveCfg = Release|Any CPU
		{DDF0B0BF-245C-45AC-BA66-9D52E95B2CF8}.Release|Any CPU.Build.0 = Release|Any CPU
		{522EFBA9-E4ED-46FB-8105-42C62FB843F2}.Debug|Any CPU.ActiveCfg = Debug|Any CPU
		{522EFBA9-E4ED-46FB-8105-42C62FB843F2}.Debug|Any CPU.Build.0 = Debug|Any CPU
		{522EFBA9-E4ED-46FB-8105-42C62FB843F2}.Release|Any CPU.ActiveCfg = Release|Any CPU
		{522EFBA9-E4ED-46FB-8105-42C62FB843F2}.Release|Any CPU.Build.0 = Release|Any CPU
	EndGlobalSection
	GlobalSection(SolutionProperties) = preSolution
		HideSolutionNode = FALSE
	EndGlobalSection
	GlobalSection(NestedProjects) = preSolution
		{6AFEA7AE-6CB5-4A2D-B47B-19AA522E4365} = {6C94D406-7330-4A19-84F3-739451F6260E}
		{C3569E05-37F8-47DA-BFDD-6490F915325C} = {6C94D406-7330-4A19-84F3-739451F6260E}
		{C5194641-7938-428D-88B1-6D50D0CEBF5F} = {6C94D406-7330-4A19-84F3-739451F6260E}
		{F963DC13-B2BC-489C-A1DA-09A642A1FF23} = {6C94D406-7330-4A19-84F3-739451F6260E}
		{8FF3BAF6-8F12-45E7-B448-107B3987ACC9} = {6C94D406-7330-4A19-84F3-739451F6260E}
		{A238C0DC-E049-44A3-95EB-92583B54F6AA} = {6C94D406-7330-4A19-84F3-739451F6260E}
	EndGlobalSection
	GlobalSection(ExtensibilityGlobals) = postSolution
		SolutionGuid = {DE6F8B85-BEF9-485C-A3FE-F97A43E96B35}
	EndGlobalSection
EndGlobal
